
Microsoft Visual Studio Solution File, Format Version 12.00
# Visual Studio Version 17
VisualStudioVersion = 17.6.33723.286
MinimumVisualStudioVersion = 10.0.40219.1
Project("{FAE04EC0-301F-11D3-BF4B-00C04F79EFBC}") = "CalenPDF", "CalenPDF.csproj", "{6198FEA6-1650-43EC-B12A-7F5F64D0555D}"
EndProject
Global
	GlobalSection(SolutionConfigurationPlatforms) = preSolution
		Debug|Any CPU = Debug|Any CPU
		Release|Any CPU = Release|Any CPU
	EndGlobalSection
	GlobalSection(ProjectConfigurationPlatforms) = postSolution
		{6198FEA6-1650-43EC-B12A-7F5F64D0555D}.Debug|Any CPU.ActiveCfg = Debug|Any CPU
		{6198FEA6-1650-43EC-B12A-7F5F64D0555D}.Debug|Any CPU.Build.0 = Debug|Any CPU
		{6198FEA6-1650-43EC-B12A-7F5F64D0555D}.Release|Any CPU.ActiveCfg = Release|Any CPU
		{6198FEA6-1650-43EC-B12A-7F5F64D0555D}.Release|Any CPU.Build.0 = Release|Any CPU
	EndGlobalSection
	GlobalSection(SolutionProperties) = preSolution
		HideSolutionNode = FALSE
	EndGlobalSection
	GlobalSection(ExtensibilityGlobals) = postSolution
		SolutionGuid = {5DE97870-2E76-4F84-BD48-3A52238F1E9F}
	EndGlobalSection
EndGlobal
